
Microsoft Visual Studio Solution File, Format Version 12.00
# Visual Studio Version 17
VisualStudioVersion = 17.8.34525.116
MinimumVisualStudioVersion = 10.0.40219.1
Project("{FAE04EC0-301F-11D3-BF4B-00C04F79EFBC}") = "Pract 7", "Pract 7\Pract 7.csproj", "{B94456EF-2FB0-4693-87B4-3C3ADC88F33F}"
EndProject
Global
	GlobalSection(SolutionConfigurationPlatforms) = preSolution
		Debug|Any CPU = Debug|Any CPU
		Release|Any CPU = Release|Any CPU
	EndGlobalSection
	GlobalSection(ProjectConfigurationPlatforms) = postSolution
		{B94456EF-2FB0-4693-87B4-3C3ADC88F33F}.Debug|Any CPU.ActiveCfg = Debug|Any CPU
		{B94456EF-2FB0-4693-87B4-3C3ADC88F33F}.Debug|Any CPU.Build.0 = Debug|Any CPU
		{B94456EF-2FB0-4693-87B4-3C3ADC88F33F}.Release|Any CPU.ActiveCfg = Release|Any CPU
		{B94456EF-2FB0-4693-87B4-3C3ADC88F33F}.Release|Any CPU.Build.0 = Release|Any CPU
	EndGlobalSection
	GlobalSection(SolutionProperties) = preSolution
		HideSolutionNode = FALSE
	EndGlobalSection
	GlobalSection(ExtensibilityGlobals) = postSolution
		SolutionGuid = {63B68B56-8599-4977-9134-E06607A96B1A}
	EndGlobalSection
EndGlobal
